
Microsoft Visual Studio Solution File, Format Version 12.00
# Visual Studio Version 16
VisualStudioVersion = 16.0.29920.165
MinimumVisualStudioVersion = 10.0.40219.1
Project("{FAE04EC0-301F-11D3-BF4B-00C04F79EFBC}") = "Tehtävä8", "Tehtävä8\Tehtävä8.csproj", "{02306967-DB98-4F71-B5F9-92B06653229A}"
EndProject
Global
	GlobalSection(SolutionConfigurationPlatforms) = preSolution
		Debug|Any CPU = Debug|Any CPU
		Release|Any CPU = Release|Any CPU
	EndGlobalSection
	GlobalSection(ProjectConfigurationPlatforms) = postSolution
		{02306967-DB98-4F71-B5F9-92B06653229A}.Debug|Any CPU.ActiveCfg = Debug|Any CPU
		{02306967-DB98-4F71-B5F9-92B06653229A}.Debug|Any CPU.Build.0 = Debug|Any CPU
		{02306967-DB98-4F71-B5F9-92B06653229A}.Release|Any CPU.ActiveCfg = Release|Any CPU
		{02306967-DB98-4F71-B5F9-92B06653229A}.Release|Any CPU.Build.0 = Release|Any CPU
	EndGlobalSection
	GlobalSection(SolutionProperties) = preSolution
		HideSolutionNode = FALSE
	EndGlobalSection
	GlobalSection(ExtensibilityGlobals) = postSolution
		SolutionGuid = {5815ADBA-2532-4523-9077-79BE6215253C}
	EndGlobalSection
EndGlobal
